// !$*UTF8*$!
{
	archiveVersion = 1;
	classes = {
	};
	objectVersion = 77;
	objects = {

/* Begin PBXBuildFile section */
		23F6570D45117989D63100D9 /* Pods_MovieChallenge.framework in Frameworks */ = {isa = PBXBuildFile; fileRef = 53F555AB10759B56A24892A3 /* Pods_MovieChallenge.framework */; };
		A53F2C922D1C2CF700B9B08C /* AppDelegate.swift in Sources */ = {isa = PBXBuildFile; fileRef = A53F2C882D1C2CF700B9B08C /* AppDelegate.swift */; };
		A53F2C932D1C2CF700B9B08C /* SceneDelegate.swift in Sources */ = {isa = PBXBuildFile; fileRef = A53F2C8F2D1C2CF700B9B08C /* SceneDelegate.swift */; };
		A53F2C952D1C2CF700B9B08C /* Assets.xcassets in Resources */ = {isa = PBXBuildFile; fileRef = A53F2C892D1C2CF700B9B08C /* Assets.xcassets */; };
		A53F2C972D1C2CF700B9B08C /* LaunchScreen.storyboard in Resources */ = {isa = PBXBuildFile; fileRef = A53F2C8C2D1C2CF700B9B08C /* LaunchScreen.storyboard */; };
		A53F2CAD2D1C626600B9B08C /* AppManager.swift in Sources */ = {isa = PBXBuildFile; fileRef = A53F2CAC2D1C626600B9B08C /* AppManager.swift */; };
		A53F2CB62D1C669100B9B08C /* SplashScreenViewModel.swift in Sources */ = {isa = PBXBuildFile; fileRef = A53F2CB52D1C669100B9B08C /* SplashScreenViewModel.swift */; };
		A53F2CB82D1C669B00B9B08C /* SplashScreenViewController.swift in Sources */ = {isa = PBXBuildFile; fileRef = A53F2CB72D1C669B00B9B08C /* SplashScreenViewController.swift */; };
		A53F2CBA2D1C678F00B9B08C /* SplashScreenProtocol.swift in Sources */ = {isa = PBXBuildFile; fileRef = A53F2CB92D1C678F00B9B08C /* SplashScreenProtocol.swift */; };
/* End PBXBuildFile section */

/* Begin PBXFileReference section */
		53F555AB10759B56A24892A3 /* Pods_MovieChallenge.framework */ = {isa = PBXFileReference; explicitFileType = wrapper.framework; includeInIndex = 0; path = Pods_MovieChallenge.framework; sourceTree = BUILT_PRODUCTS_DIR; };
		566D93C875A2E61212BFDE1D /* Pods-MovieChallenge.release.xcconfig */ = {isa = PBXFileReference; includeInIndex = 1; lastKnownFileType = text.xcconfig; name = "Pods-MovieChallenge.release.xcconfig"; path = "Target Support Files/Pods-MovieChallenge/Pods-MovieChallenge.release.xcconfig"; sourceTree = "<group>"; };
		61CF362F7AB7BE4C789A19FD /* Pods-MovieChallenge.debug.xcconfig */ = {isa = PBXFileReference; includeInIndex = 1; lastKnownFileType = text.xcconfig; name = "Pods-MovieChallenge.debug.xcconfig"; path = "Target Support Files/Pods-MovieChallenge/Pods-MovieChallenge.debug.xcconfig"; sourceTree = "<group>"; };
		A53F2C702D1C2CB500B9B08C /* MovieChallenge.app */ = {isa = PBXFileReference; explicitFileType = wrapper.application; includeInIndex = 0; path = MovieChallenge.app; sourceTree = BUILT_PRODUCTS_DIR; };
		A53F2C882D1C2CF700B9B08C /* AppDelegate.swift */ = {isa = PBXFileReference; lastKnownFileType = sourcecode.swift; path = AppDelegate.swift; sourceTree = "<group>"; };
		A53F2C892D1C2CF700B9B08C /* Assets.xcassets */ = {isa = PBXFileReference; lastKnownFileType = folder.assetcatalog; path = Assets.xcassets; sourceTree = "<group>"; };
		A53F2C8A2D1C2CF700B9B08C /* Info.plist */ = {isa = PBXFileReference; lastKnownFileType = text.plist.xml; path = Info.plist; sourceTree = "<group>"; };
		A53F2C8B2D1C2CF700B9B08C /* Base */ = {isa = PBXFileReference; lastKnownFileType = file.storyboard; name = Base; path = Base.lproj/LaunchScreen.storyboard; sourceTree = "<group>"; };
		A53F2C8F2D1C2CF700B9B08C /* SceneDelegate.swift */ = {isa = PBXFileReference; lastKnownFileType = sourcecode.swift; path = SceneDelegate.swift; sourceTree = "<group>"; };
		A53F2CAC2D1C626600B9B08C /* AppManager.swift */ = {isa = PBXFileReference; lastKnownFileType = sourcecode.swift; path = AppManager.swift; sourceTree = "<group>"; };
		A53F2CB52D1C669100B9B08C /* SplashScreenViewModel.swift */ = {isa = PBXFileReference; lastKnownFileType = sourcecode.swift; path = SplashScreenViewModel.swift; sourceTree = "<group>"; };
		A53F2CB72D1C669B00B9B08C /* SplashScreenViewController.swift */ = {isa = PBXFileReference; lastKnownFileType = sourcecode.swift; path = SplashScreenViewController.swift; sourceTree = "<group>"; };
		A53F2CB92D1C678F00B9B08C /* SplashScreenProtocol.swift */ = {isa = PBXFileReference; lastKnownFileType = sourcecode.swift; path = SplashScreenProtocol.swift; sourceTree = "<group>"; };
/* End PBXFileReference section */

/* Begin PBXFrameworksBuildPhase section */
		A53F2C6D2D1C2CB500B9B08C /* Frameworks */ = {
			isa = PBXFrameworksBuildPhase;
			buildActionMask = 2147483647;
			files = (
				23F6570D45117989D63100D9 /* Pods_MovieChallenge.framework in Frameworks */,
			);
			runOnlyForDeploymentPostprocessing = 0;
		};
/* End PBXFrameworksBuildPhase section */

/* Begin PBXGroup section */
		1371A82B9A2A7CDA10A2C2C4 /* Frameworks */ = {
			isa = PBXGroup;
			children = (
				53F555AB10759B56A24892A3 /* Pods_MovieChallenge.framework */,
			);
			name = Frameworks;
			sourceTree = "<group>";
		};
		6DACA17BEC1F94CFDA8D0DA9 /* Pods */ = {
			isa = PBXGroup;
			children = (
				61CF362F7AB7BE4C789A19FD /* Pods-MovieChallenge.debug.xcconfig */,
				566D93C875A2E61212BFDE1D /* Pods-MovieChallenge.release.xcconfig */,
			);
			path = Pods;
			sourceTree = "<group>";
		};
		A53F2C672D1C2CB500B9B08C = {
			isa = PBXGroup;
			children = (
				A53F2C912D1C2CF700B9B08C /* MovieChallenge */,
				A53F2C712D1C2CB500B9B08C /* Products */,
				6DACA17BEC1F94CFDA8D0DA9 /* Pods */,
				1371A82B9A2A7CDA10A2C2C4 /* Frameworks */,
			);
			sourceTree = "<group>";
		};
		A53F2C712D1C2CB500B9B08C /* Products */ = {
			isa = PBXGroup;
			children = (
				A53F2C702D1C2CB500B9B08C /* MovieChallenge.app */,
			);
			name = Products;
			sourceTree = "<group>";
		};
		A53F2C912D1C2CF700B9B08C /* MovieChallenge */ = {
			isa = PBXGroup;
			children = (
				A53F2CA62D1C620C00B9B08C /* Manager */,
				A53F2CAB2D1C623800B9B08C /* Utilities */,
				A53F2CAA2D1C622F00B9B08C /* Scenes */,
				A53F2CA92D1C622700B9B08C /* Models */,
				A53F2CA82D1C621F00B9B08C /* Network */,
				A53F2C9A2D1C2D5500B9B08C /* Resources */,
				A53F2C992D1C2D4000B9B08C /* Application */,
			);
			path = MovieChallenge;
			sourceTree = "<group>";
		};
		A53F2C992D1C2D4000B9B08C /* Application */ = {
			isa = PBXGroup;
			children = (
				A53F2C882D1C2CF700B9B08C /* AppDelegate.swift */,
				A53F2C8F2D1C2CF700B9B08C /* SceneDelegate.swift */,
			);
			path = Application;
			sourceTree = "<group>";
		};
		A53F2C9A2D1C2D5500B9B08C /* Resources */ = {
			isa = PBXGroup;
			children = (
				A53F2C892D1C2CF700B9B08C /* Assets.xcassets */,
				A53F2C8A2D1C2CF700B9B08C /* Info.plist */,
				A53F2C8C2D1C2CF700B9B08C /* LaunchScreen.storyboard */,
			);
			path = Resources;
			sourceTree = "<group>";
		};
		A53F2CA62D1C620C00B9B08C /* Manager */ = {
			isa = PBXGroup;
			children = (
				A53F2CAC2D1C626600B9B08C /* AppManager.swift */,
			);
			path = Manager;
			sourceTree = "<group>";
		};
		A53F2CA82D1C621F00B9B08C /* Network */ = {
			isa = PBXGroup;
			children = (
			);
			path = Network;
			sourceTree = "<group>";
		};
		A53F2CA92D1C622700B9B08C /* Models */ = {
			isa = PBXGroup;
			children = (
			);
			path = Models;
			sourceTree = "<group>";
		};
		A53F2CAA2D1C622F00B9B08C /* Scenes */ = {
			isa = PBXGroup;
			children = (
				A53F2CB42D1C62E200B9B08C /* MovieList */,
				A53F2CB32D1C62D800B9B08C /* MovieDetail */,
				A53F2CB22D1C62CE00B9B08C /* SplashScreen */,
				A53F2CB12D1C62C900B9B08C /* Bookmarks */,
			);
			path = Scenes;
			sourceTree = "<group>";
		};
		A53F2CAB2D1C623800B9B08C /* Utilities */ = {
			isa = PBXGroup;
			children = (
				A53F2CB02D1C62BF00B9B08C /* Extensions */,
				A53F2CAF2D1C62BA00B9B08C /* Enums */,
				A53F2CAE2D1C62B300B9B08C /* Constants */,
			);
			path = Utilities;
			sourceTree = "<group>";
		};
		A53F2CAE2D1C62B300B9B08C /* Constants */ = {
			isa = PBXGroup;
			children = (
			);
			path = Constants;
			sourceTree = "<group>";
		};
		A53F2CAF2D1C62BA00B9B08C /* Enums */ = {
			isa = PBXGroup;
			children = (
			);
			path = Enums;
			sourceTree = "<group>";
		};
		A53F2CB02D1C62BF00B9B08C /* Extensions */ = {
			isa = PBXGroup;
			children = (
			);
			path = Extensions;
			sourceTree = "<group>";
		};
		A53F2CB12D1C62C900B9B08C /* Bookmarks */ = {
			isa = PBXGroup;
			children = (
			);
			path = Bookmarks;
			sourceTree = "<group>";
		};
		A53F2CB22D1C62CE00B9B08C /* SplashScreen */ = {
			isa = PBXGroup;
			children = (
				A53F2CB52D1C669100B9B08C /* SplashScreenViewModel.swift */,
				A53F2CB72D1C669B00B9B08C /* SplashScreenViewController.swift */,
				A53F2CB92D1C678F00B9B08C /* SplashScreenProtocol.swift */,
			);
			path = SplashScreen;
			sourceTree = "<group>";
		};
		A53F2CB32D1C62D800B9B08C /* MovieDetail */ = {
			isa = PBXGroup;
			children = (
			);
			path = MovieDetail;
			sourceTree = "<group>";
		};
		A53F2CB42D1C62E200B9B08C /* MovieList */ = {
			isa = PBXGroup;
			children = (
			);
			path = MovieList;
			sourceTree = "<group>";
		};
/* End PBXGroup section */

/* Begin PBXNativeTarget section */
		A53F2C6F2D1C2CB500B9B08C /* MovieChallenge */ = {
			isa = PBXNativeTarget;
			buildConfigurationList = A53F2C832D1C2CB700B9B08C /* Build configuration list for PBXNativeTarget "MovieChallenge" */;
			buildPhases = (
				D14C4B06198F3D5F4ACC0380 /* [CP] Check Pods Manifest.lock */,
				A53F2C6C2D1C2CB500B9B08C /* Sources */,
				A53F2C6D2D1C2CB500B9B08C /* Frameworks */,
				A53F2C6E2D1C2CB500B9B08C /* Resources */,
				BCAA06146D90EBA24ABE383B /* [CP] Embed Pods Frameworks */,
			);
			buildRules = (
			);
			dependencies = (
			);
			name = MovieChallenge;
			productName = MovieChallenge;
			productReference = A53F2C702D1C2CB500B9B08C /* MovieChallenge.app */;
			productType = "com.apple.product-type.application";
		};
/* End PBXNativeTarget section */

/* Begin PBXProject section */
		A53F2C682D1C2CB500B9B08C /* Project object */ = {
			isa = PBXProject;
			attributes = {
				BuildIndependentTargetsInParallel = 1;
				LastSwiftUpdateCheck = 1620;
				LastUpgradeCheck = 1620;
				TargetAttributes = {
					A53F2C6F2D1C2CB500B9B08C = {
						CreatedOnToolsVersion = 16.2;
					};
				};
			};
			buildConfigurationList = A53F2C6B2D1C2CB500B9B08C /* Build configuration list for PBXProject "MovieChallenge" */;
			developmentRegion = en;
			hasScannedForEncodings = 0;
			knownRegions = (
				en,
				Base,
			);
			mainGroup = A53F2C672D1C2CB500B9B08C;
			minimizedProjectReferenceProxies = 1;
			preferredProjectObjectVersion = 77;
			productRefGroup = A53F2C712D1C2CB500B9B08C /* Products */;
			projectDirPath = "";
			projectRoot = "";
			targets = (
				A53F2C6F2D1C2CB500B9B08C /* MovieChallenge */,
			);
		};
/* End PBXProject section */

/* Begin PBXResourcesBuildPhase section */
		A53F2C6E2D1C2CB500B9B08C /* Resources */ = {
			isa = PBXResourcesBuildPhase;
			buildActionMask = 2147483647;
			files = (
				A53F2C952D1C2CF700B9B08C /* Assets.xcassets in Resources */,
				A53F2C972D1C2CF700B9B08C /* LaunchScreen.storyboard in Resources */,
			);
			runOnlyForDeploymentPostprocessing = 0;
		};
/* End PBXResourcesBuildPhase section */

/* Begin PBXShellScriptBuildPhase section */
		BCAA06146D90EBA24ABE383B /* [CP] Embed Pods Frameworks */ = {
			isa = PBXShellScriptBuildPhase;
			buildActionMask = 2147483647;
			files = (
			);
			inputFileListPaths = (
				"${PODS_ROOT}/Target Support Files/Pods-MovieChallenge/Pods-MovieChallenge-frameworks-${CONFIGURATION}-input-files.xcfilelist",
			);
			name = "[CP] Embed Pods Frameworks";
			outputFileListPaths = (
				"${PODS_ROOT}/Target Support Files/Pods-MovieChallenge/Pods-MovieChallenge-frameworks-${CONFIGURATION}-output-files.xcfilelist",
			);
			runOnlyForDeploymentPostprocessing = 0;
			shellPath = /bin/sh;
			shellScript = "\"${PODS_ROOT}/Target Support Files/Pods-MovieChallenge/Pods-MovieChallenge-frameworks.sh\"\n";
			showEnvVarsInLog = 0;
		};
		D14C4B06198F3D5F4ACC0380 /* [CP] Check Pods Manifest.lock */ = {
			isa = PBXShellScriptBuildPhase;
			buildActionMask = 2147483647;
			files = (
			);
			inputFileListPaths = (
			);
			inputPaths = (
				"${PODS_PODFILE_DIR_PATH}/Podfile.lock",
				"${PODS_ROOT}/Manifest.lock",
			);
			name = "[CP] Check Pods Manifest.lock";
			outputFileListPaths = (
			);
			outputPaths = (
				"$(DERIVED_FILE_DIR)/Pods-MovieChallenge-checkManifestLockResult.txt",
			);
			runOnlyForDeploymentPostprocessing = 0;
			shellPath = /bin/sh;
			shellScript = "diff \"${PODS_PODFILE_DIR_PATH}/Podfile.lock\" \"${PODS_ROOT}/Manifest.lock\" > /dev/null\nif [ $? != 0 ] ; then\n    # print error to STDERR\n    echo \"error: The sandbox is not in sync with the Podfile.lock. Run 'pod install' or update your CocoaPods installation.\" >&2\n    exit 1\nfi\n# This output is used by Xcode 'outputs' to avoid re-running this script phase.\necho \"SUCCESS\" > \"${SCRIPT_OUTPUT_FILE_0}\"\n";
			showEnvVarsInLog = 0;
		};
/* End PBXShellScriptBuildPhase section */

/* Begin PBXSourcesBuildPhase section */
		A53F2C6C2D1C2CB500B9B08C /* Sources */ = {
			isa = PBXSourcesBuildPhase;
			buildActionMask = 2147483647;
			files = (
				A53F2CBA2D1C678F00B9B08C /* SplashScreenProtocol.swift in Sources */,
				A53F2CAD2D1C626600B9B08C /* AppManager.swift in Sources */,
				A53F2CB62D1C669100B9B08C /* SplashScreenViewModel.swift in Sources */,
				A53F2C922D1C2CF700B9B08C /* AppDelegate.swift in Sources */,
				A53F2CB82D1C669B00B9B08C /* SplashScreenViewController.swift in Sources */,
				A53F2C932D1C2CF700B9B08C /* SceneDelegate.swift in Sources */,
			);
			runOnlyForDeploymentPostprocessing = 0;
		};
/* End PBXSourcesBuildPhase section */

/* Begin PBXVariantGroup section */
		A53F2C8C2D1C2CF700B9B08C /* LaunchScreen.storyboard */ = {
			isa = PBXVariantGroup;
			children = (
				A53F2C8B2D1C2CF700B9B08C /* Base */,
			);
			name = LaunchScreen.storyboard;
			sourceTree = "<group>";
		};
/* End PBXVariantGroup section */

/* Begin XCBuildConfiguration section */
		A53F2C842D1C2CB700B9B08C /* Debug */ = {
			isa = XCBuildConfiguration;
			baseConfigurationReference = 61CF362F7AB7BE4C789A19FD /* Pods-MovieChallenge.debug.xcconfig */;
			buildSettings = {
				ASSETCATALOG_COMPILER_APPICON_NAME = AppIcon;
				ASSETCATALOG_COMPILER_GLOBAL_ACCENT_COLOR_NAME = AccentColor;
				CODE_SIGN_STYLE = Automatic;
				CURRENT_PROJECT_VERSION = 1;
				DEVELOPMENT_TEAM = 6HX5P2M97J;
				ENABLE_USER_SCRIPT_SANDBOXING = NO;
				GENERATE_INFOPLIST_FILE = YES;
				INFOPLIST_FILE = MovieChallenge/Resources/Info.plist;
				INFOPLIST_KEY_UIApplicationSupportsIndirectInputEvents = YES;
				INFOPLIST_KEY_UILaunchStoryboardName = LaunchScreen;
				INFOPLIST_KEY_UIMainStoryboardFile = "";
				INFOPLIST_KEY_UISupportedInterfaceOrientations_iPad = "UIInterfaceOrientationPortrait UIInterfaceOrientationPortraitUpsideDown UIInterfaceOrientationLandscapeLeft UIInterfaceOrientationLandscapeRight";
				INFOPLIST_KEY_UISupportedInterfaceOrientations_iPhone = "UIInterfaceOrientationPortrait UIInterfaceOrientationLandscapeLeft UIInterfaceOrientationLandscapeRight";
				LD_RUNPATH_SEARCH_PATHS = (
					"$(inherited)",
					"@executable_path/Frameworks",
				);
				MARKETING_VERSION = 1.0;
				PRODUCT_BUNDLE_IDENTIFIER = Anilkaramis.MovieChallenge;
				PRODUCT_NAME = "$(TARGET_NAME)";
				SWIFT_EMIT_LOC_STRINGS = YES;
				SWIFT_VERSION = 5.0;
				TARGETED_DEVICE_FAMILY = "1,2";
			};
			name = Debug;
		};
		A53F2C852D1C2CB700B9B08C /* Release */ = {
			isa = XCBuildConfiguration;
			baseConfigurationReference = 566D93C875A2E61212BFDE1D /* Pods-MovieChallenge.release.xcconfig */;
			buildSettings = {
				ASSETCATALOG_COMPILER_APPICON_NAME = AppIcon;
				ASSETCATALOG_COMPILER_GLOBAL_ACCENT_COLOR_NAME = AccentColor;
				CODE_SIGN_STYLE = Automatic;
				CURRENT_PROJECT_VERSION = 1;
				DEVELOPMENT_TEAM = 6HX5P2M97J;
				ENABLE_USER_SCRIPT_SANDBOXING = NO;
				GENERATE_INFOPLIST_FILE = YES;
				INFOPLIST_FILE = MovieChallenge/Resources/Info.plist;
				INFOPLIST_KEY_UIApplicationSupportsIndirectInputEvents = YES;
				INFOPLIST_KEY_UILaunchStoryboardName = LaunchScreen;
				INFOPLIST_KEY_UIMainStoryboardFile = "";
				INFOPLIST_KEY_UISupportedInterfaceOrientations_iPad = "UIInterfaceOrientationPortrait UIInterfaceOrientationPortraitUpsideDown UIInterfaceOrientationLandscapeLeft UIInterfaceOrientationLandscapeRight";
				INFOPLIST_KEY_UISupportedInterfaceOrientations_iPhone = "UIInterfaceOrientationPortrait UIInterfaceOrientationLandscapeLeft UIInterfaceOrientationLandscapeRight";
				LD_RUNPATH_SEARCH_PATHS = (
					"$(inherited)",
					"@executable_path/Frameworks",
				);
				MARKETING_VERSION = 1.0;
				PRODUCT_BUNDLE_IDENTIFIER = Anilkaramis.MovieChallenge;
				PRODUCT_NAME = "$(TARGET_NAME)";
				SWIFT_EMIT_LOC_STRINGS = YES;
				SWIFT_VERSION = 5.0;
				TARGETED_DEVICE_FAMILY = "1,2";
			};
			name = Release;
		};
		A53F2C862D1C2CB700B9B08C /* Debug */ = {
			isa = XCBuildConfiguration;
			buildSettings = {
				ALWAYS_SEARCH_USER_PATHS = NO;
				ASSETCATALOG_COMPILER_GENERATE_SWIFT_ASSET_SYMBOL_EXTENSIONS = YES;
				CLANG_ANALYZER_NONNULL = YES;
				CLANG_ANALYZER_NUMBER_OBJECT_CONVERSION = YES_AGGRESSIVE;
				CLANG_CXX_LANGUAGE_STANDARD = "gnu++20";
				CLANG_ENABLE_MODULES = YES;
				CLANG_ENABLE_OBJC_ARC = YES;
				CLANG_ENABLE_OBJC_WEAK = YES;
				CLANG_WARN_BLOCK_CAPTURE_AUTORELEASING = YES;
				CLANG_WARN_BOOL_CONVERSION = YES;
				CLANG_WARN_COMMA = YES;
				CLANG_WARN_CONSTANT_CONVERSION = YES;
				CLANG_WARN_DEPRECATED_OBJC_IMPLEMENTATIONS = YES;
				CLANG_WARN_DIRECT_OBJC_ISA_USAGE = YES_ERROR;
				CLANG_WARN_DOCUMENTATION_COMMENTS = YES;
				CLANG_WARN_EMPTY_BODY = YES;
				CLANG_WARN_ENUM_CONVERSION = YES;
				CLANG_WARN_INFINITE_RECURSION = YES;
				CLANG_WARN_INT_CONVERSION = YES;
				CLANG_WARN_NON_LITERAL_NULL_CONVERSION = YES;
				CLANG_WARN_OBJC_IMPLICIT_RETAIN_SELF = YES;
				CLANG_WARN_OBJC_LITERAL_CONVERSION = YES;
				CLANG_WARN_OBJC_ROOT_CLASS = YES_ERROR;
				CLANG_WARN_QUOTED_INCLUDE_IN_FRAMEWORK_HEADER = YES;
				CLANG_WARN_RANGE_LOOP_ANALYSIS = YES;
				CLANG_WARN_STRICT_PROTOTYPES = YES;
				CLANG_WARN_SUSPICIOUS_MOVE = YES;
				CLANG_WARN_UNGUARDED_AVAILABILITY = YES_AGGRESSIVE;
				CLANG_WARN_UNREACHABLE_CODE = YES;
				CLANG_WARN__DUPLICATE_METHOD_MATCH = YES;
				COPY_PHASE_STRIP = NO;
				DEBUG_INFORMATION_FORMAT = dwarf;
				ENABLE_STRICT_OBJC_MSGSEND = YES;
				ENABLE_TESTABILITY = YES;
				ENABLE_USER_SCRIPT_SANDBOXING = YES;
				GCC_C_LANGUAGE_STANDARD = gnu17;
				GCC_DYNAMIC_NO_PIC = NO;
				GCC_NO_COMMON_BLOCKS = YES;
				GCC_OPTIMIZATION_LEVEL = 0;
				GCC_PREPROCESSOR_DEFINITIONS = (
					"DEBUG=1",
					"$(inherited)",
				);
				GCC_WARN_64_TO_32_BIT_CONVERSION = YES;
				GCC_WARN_ABOUT_RETURN_TYPE = YES_ERROR;
				GCC_WARN_UNDECLARED_SELECTOR = YES;
				GCC_WARN_UNINITIALIZED_AUTOS = YES_AGGRESSIVE;
				GCC_WARN_UNUSED_FUNCTION = YES;
				GCC_WARN_UNUSED_VARIABLE = YES;
				IPHONEOS_DEPLOYMENT_TARGET = 18.2;
				LOCALIZATION_PREFERS_STRING_CATALOGS = YES;
				MTL_ENABLE_DEBUG_INFO = INCLUDE_SOURCE;
				MTL_FAST_MATH = YES;
				ONLY_ACTIVE_ARCH = YES;
				SDKROOT = iphoneos;
				SWIFT_ACTIVE_COMPILATION_CONDITIONS = "DEBUG $(inherited)";
				SWIFT_OPTIMIZATION_LEVEL = "-Onone";
			};
			name = Debug;
		};
		A53F2C872D1C2CB700B9B08C /* Release */ = {
			isa = XCBuildConfiguration;
			buildSettings = {
				ALWAYS_SEARCH_USER_PATHS = NO;
				ASSETCATALOG_COMPILER_GENERATE_SWIFT_ASSET_SYMBOL_EXTENSIONS = YES;
				CLANG_ANALYZER_NONNULL = YES;
				CLANG_ANALYZER_NUMBER_OBJECT_CONVERSION = YES_AGGRESSIVE;
				CLANG_CXX_LANGUAGE_STANDARD = "gnu++20";
				CLANG_ENABLE_MODULES = YES;
				CLANG_ENABLE_OBJC_ARC = YES;
				CLANG_ENABLE_OBJC_WEAK = YES;
				CLANG_WARN_BLOCK_CAPTURE_AUTORELEASING = YES;
				CLANG_WARN_BOOL_CONVERSION = YES;
				CLANG_WARN_COMMA = YES;
				CLANG_WARN_CONSTANT_CONVERSION = YES;
				CLANG_WARN_DEPRECATED_OBJC_IMPLEMENTATIONS = YES;
				CLANG_WARN_DIRECT_OBJC_ISA_USAGE = YES_ERROR;
				CLANG_WARN_DOCUMENTATION_COMMENTS = YES;
				CLANG_WARN_EMPTY_BODY = YES;
				CLANG_WARN_ENUM_CONVERSION = YES;
				CLANG_WARN_INFINITE_RECURSION = YES;
				CLANG_WARN_INT_CONVERSION = YES;
				CLANG_WARN_NON_LITERAL_NULL_CONVERSION = YES;
				CLANG_WARN_OBJC_IMPLICIT_RETAIN_SELF = YES;
				CLANG_WARN_OBJC_LITERAL_CONVERSION = YES;
				CLANG_WARN_OBJC_ROOT_CLASS = YES_ERROR;
				CLANG_WARN_QUOTED_INCLUDE_IN_FRAMEWORK_HEADER = YES;
				CLANG_WARN_RANGE_LOOP_ANALYSIS = YES;
				CLANG_WARN_STRICT_PROTOTYPES = YES;
				CLANG_WARN_SUSPICIOUS_MOVE = YES;
				CLANG_WARN_UNGUARDED_AVAILABILITY = YES_AGGRESSIVE;
				CLANG_WARN_UNREACHABLE_CODE = YES;
				CLANG_WARN__DUPLICATE_METHOD_MATCH = YES;
				COPY_PHASE_STRIP = NO;
				DEBUG_INFORMATION_FORMAT = "dwarf-with-dsym";
				ENABLE_NS_ASSERTIONS = NO;
				ENABLE_STRICT_OBJC_MSGSEND = YES;
				ENABLE_USER_SCRIPT_SANDBOXING = YES;
				GCC_C_LANGUAGE_STANDARD = gnu17;
				GCC_NO_COMMON_BLOCKS = YES;
				GCC_WARN_64_TO_32_BIT_CONVERSION = YES;
				GCC_WARN_ABOUT_RETURN_TYPE = YES_ERROR;
				GCC_WARN_UNDECLARED_SELECTOR = YES;
				GCC_WARN_UNINITIALIZED_AUTOS = YES_AGGRESSIVE;
				GCC_WARN_UNUSED_FUNCTION = YES;
				GCC_WARN_UNUSED_VARIABLE = YES;
				IPHONEOS_DEPLOYMENT_TARGET = 18.2;
				LOCALIZATION_PREFERS_STRING_CATALOGS = YES;
				MTL_ENABLE_DEBUG_INFO = NO;
				MTL_FAST_MATH = YES;
				SDKROOT = iphoneos;
				SWIFT_COMPILATION_MODE = wholemodule;
				VALIDATE_PRODUCT = YES;
			};
			name = Release;
		};
/* End XCBuildConfiguration section */

/* Begin XCConfigurationList section */
		A53F2C6B2D1C2CB500B9B08C /* Build configuration list for PBXProject "MovieChallenge" */ = {
			isa = XCConfigurationList;
			buildConfigurations = (
				A53F2C862D1C2CB700B9B08C /* Debug */,
				A53F2C872D1C2CB700B9B08C /* Release */,
			);
			defaultConfigurationIsVisible = 0;
			defaultConfigurationName = Release;
		};
		A53F2C832D1C2CB700B9B08C /* Build configuration list for PBXNativeTarget "MovieChallenge" */ = {
			isa = XCConfigurationList;
			buildConfigurations = (
				A53F2C842D1C2CB700B9B08C /* Debug */,
				A53F2C852D1C2CB700B9B08C /* Release */,
			);
			defaultConfigurationIsVisible = 0;
			defaultConfigurationName = Release;
		};
/* End XCConfigurationList section */
	};
	rootObject = A53F2C682D1C2CB500B9B08C /* Project object */;
}
